
Microsoft Visual Studio Solution File, Format Version 12.00
# Visual Studio Version 17
VisualStudioVersion = 17.8.34330.188
MinimumVisualStudioVersion = 10.0.40219.1
Project("{2150E333-8FDC-42A3-9474-1A3956D46DE8}") = "Behavioral", "Behavioral", "{E1971726-EAC1-49AD-A3F4-C95294ED0847}"
EndProject
Project("{2150E333-8FDC-42A3-9474-1A3956D46DE8}") = "Creational", "Creational", "{18C69181-F04E-4281-B8B1-B9AC96A3D282}"
EndProject
Project("{2150E333-8FDC-42A3-9474-1A3956D46DE8}") = "Structural", "Structural", "{586F72BA-360C-4BE5-AD70-F8EC805F4F58}"
EndProject
Project("{9A19103F-16F7-4668-BE54-9A1E7A4F7556}") = "FactoryMethod", "Creational\FactoryMethod\FactoryMethod.csproj", "{9858A364-549C-41E1-A690-CC460C6F85E4}"
EndProject
Project("{FAE04EC0-301F-11D3-BF4B-00C04F79EFBC}") = "AbstractFactory", "Creational\AbstractFactory\AbstractFactory.csproj", "{C0C9891F-C805-4DF6-8326-117ACCD300BB}"
EndProject
Global
	GlobalSection(SolutionConfigurationPlatforms) = preSolution
		Debug|Any CPU = Debug|Any CPU
		Release|Any CPU = Release|Any CPU
	EndGlobalSection
	GlobalSection(ProjectConfigurationPlatforms) = postSolution
		{9858A364-549C-41E1-A690-CC460C6F85E4}.Debug|Any CPU.ActiveCfg = Debug|Any CPU
		{9858A364-549C-41E1-A690-CC460C6F85E4}.Debug|Any CPU.Build.0 = Debug|Any CPU
		{9858A364-549C-41E1-A690-CC460C6F85E4}.Release|Any CPU.ActiveCfg = Release|Any CPU
		{9858A364-549C-41E1-A690-CC460C6F85E4}.Release|Any CPU.Build.0 = Release|Any CPU
		{C0C9891F-C805-4DF6-8326-117ACCD300BB}.Debug|Any CPU.ActiveCfg = Debug|Any CPU
		{C0C9891F-C805-4DF6-8326-117ACCD300BB}.Debug|Any CPU.Build.0 = Debug|Any CPU
		{C0C9891F-C805-4DF6-8326-117ACCD300BB}.Release|Any CPU.ActiveCfg = Release|Any CPU
		{C0C9891F-C805-4DF6-8326-117ACCD300BB}.Release|Any CPU.Build.0 = Release|Any CPU
	EndGlobalSection
	GlobalSection(SolutionProperties) = preSolution
		HideSolutionNode = FALSE
	EndGlobalSection
	GlobalSection(NestedProjects) = preSolution
		{9858A364-549C-41E1-A690-CC460C6F85E4} = {18C69181-F04E-4281-B8B1-B9AC96A3D282}
		{C0C9891F-C805-4DF6-8326-117ACCD300BB} = {18C69181-F04E-4281-B8B1-B9AC96A3D282}
	EndGlobalSection
	GlobalSection(ExtensibilityGlobals) = postSolution
		SolutionGuid = {EFB049AA-767D-4ED7-9793-FA7A4E2FAEC4}
	EndGlobalSection
EndGlobal
